# This file is autogenerated, do not edit; changes may be undone by the next 'dep ensure'.


[[projects]]
  branch = "master"
  name = "github.com/mitchellh/mapstructure"
  packages = ["."]
  revision = "bb74f1db0675b241733089d5a1faa5dd8b0ef57b"

[[projects]]
  branch = "master"
  name = "github.com/rackspace/gophercloud"
  packages = [
    ".",
    "openstack",
    "openstack/compute/v2/extensions/keypairs",
    "openstack/compute/v2/flavors",
    "openstack/compute/v2/images",
    "openstack/compute/v2/servers",
    "openstack/identity/v2/tenants",
    "openstack/identity/v2/tokens",
    "openstack/identity/v3/tokens",
    "openstack/utils",
    "pagination",
    "testhelper",
    "testhelper/client"
  ]
  revision = "e00690e87603abe613e9f02c816c7c4bef82e063"

[[projects]]
  branch = "master"
  name = "golang.org/x/crypto"
  packages = [
    "curve25519",
    "ed25519",
    "ed25519/internal/edwards25519",
    "internal/chacha20",
    "internal/subtle",
    "poly1305",
    "ssh"
  ]
  revision = "a49355c7e3f8fe157a85be2f77e6e269a0f89602"

[solve-meta]
  analyzer-name = "dep"
  analyzer-version = 1
  inputs-digest = "e735503101dcdecca3a1f7e2546855859fccebc287bfcc73f1ac3c34178322c3"
  solver-name = "gps-cdcl"
  solver-version = 1
